// !$*UTF8*$!
{
	archiveVersion = 1;
	classes = {
	};
	objectVersion = 46;
	objects = {

/* Begin PBXBuildFile section */
		7E8835A41C5003C60010C8FE /* AppDelegate.swift in Sources */ = {isa = PBXBuildFile; fileRef = 7E8835A31C5003C60010C8FE /* AppDelegate.swift */; };
		7E8835A61C5003C60010C8FE /* ViewController.swift in Sources */ = {isa = PBXBuildFile; fileRef = 7E8835A51C5003C60010C8FE /* ViewController.swift */; };
		7E8835A91C5003C60010C8FE /* Main.storyboard in Resources */ = {isa = PBXBuildFile; fileRef = 7E8835A71C5003C60010C8FE /* Main.storyboard */; };
		7E8835AB1C5003C60010C8FE /* Assets.xcassets in Resources */ = {isa = PBXBuildFile; fileRef = 7E8835AA1C5003C60010C8FE /* Assets.xcassets */; };
		7E8835AE1C5003C60010C8FE /* LaunchScreen.storyboard in Resources */ = {isa = PBXBuildFile; fileRef = 7E8835AC1C5003C60010C8FE /* LaunchScreen.storyboard */; };
		7E8835B61C5003D60010C8FE /* CoreLocation.framework in Frameworks */ = {isa = PBXBuildFile; fileRef = 7E8835B51C5003D60010C8FE /* CoreLocation.framework */; };
/* End PBXBuildFile section */

/* Begin PBXFileReference section */
		7E8835A01C5003C60010C8FE /* whereAmI.app */ = {isa = PBXFileReference; explicitFileType = wrapper.application; includeInIndex = 0; path = whereAmI.app; sourceTree = BUILT_PRODUCTS_DIR; };
		7E8835A31C5003C60010C8FE /* AppDelegate.swift */ = {isa = PBXFileReference; lastKnownFileType = sourcecode.swift; path = AppDelegate.swift; sourceTree = "<group>"; };
		7E8835A51C5003C60010C8FE /* ViewController.swift */ = {isa = PBXFileReference; lastKnownFileType = sourcecode.swift; path = ViewController.swift; sourceTree = "<group>"; };
		7E8835A81C5003C60010C8FE /* Base */ = {isa = PBXFileReference; lastKnownFileType = file.storyboard; name = Base; path = Base.lproj/Main.storyboard; sourceTree = "<group>"; };
		7E8835AA1C5003C60010C8FE /* Assets.xcassets */ = {isa = PBXFileReference; lastKnownFileType = folder.assetcatalog; path = Assets.xcassets; sourceTree = "<group>"; };
		7E8835AD1C5003C60010C8FE /* Base */ = {isa = PBXFileReference; lastKnownFileType = file.storyboard; name = Base; path = Base.lproj/LaunchScreen.storyboard; sourceTree = "<group>"; };
		7E8835AF1C5003C60010C8FE /* Info.plist */ = {isa = PBXFileReference; lastKnownFileType = text.plist.xml; path = Info.plist; sourceTree = "<group>"; };
		7E8835B51C5003D60010C8FE /* CoreLocation.framework */ = {isa = PBXFileReference; lastKnownFileType = wrapper.framework; name = CoreLocation.framework; path = System/Library/Frameworks/CoreLocation.framework; sourceTree = SDKROOT; };
/* End PBXFileReference section */

/* Begin PBXFrameworksBuildPhase section */
		7E88359D1C5003C60010C8FE /* Frameworks */ = {
			isa = PBXFrameworksBuildPhase;
			buildActionMask = 2147483647;
			files = (
				7E8835B61C5003D60010C8FE /* CoreLocation.framework in Frameworks */,
			);
			runOnlyForDeploymentPostprocessing = 0;
		};
/* End PBXFrameworksBuildPhase section */

/* Begin PBXGroup section */
		7E8835971C5003C60010C8FE = {
			isa = PBXGroup;
			children = (
				7E8835B51C5003D60010C8FE /* CoreLocation.framework */,
				7E8835A21C5003C60010C8FE /* whereAmI */,
				7E8835A11C5003C60010C8FE /* Products */,
			);
			sourceTree = "<group>";
		};
		7E8835A11C5003C60010C8FE /* Products */ = {
			isa = PBXGroup;
			children = (
				7E8835A01C5003C60010C8FE /* whereAmI.app */,
			);
			name = Products;
			sourceTree = "<group>";
		};
		7E8835A21C5003C60010C8FE /* whereAmI */ = {
			isa = PBXGroup;
			children = (
				7E8835A31C5003C60010C8FE /* AppDelegate.swift */,
				7E8835A51C5003C60010C8FE /* ViewController.swift */,
				7E8835A71C5003C60010C8FE /* Main.storyboard */,
				7E8835AA1C5003C60010C8FE /* Assets.xcassets */,
				7E8835AC1C5003C60010C8FE /* LaunchScreen.storyboard */,
				7E8835AF1C5003C60010C8FE /* Info.plist */,
			);
			path = whereAmI;
			sourceTree = "<group>";
		};
/* End PBXGroup section */

/* Begin PBXNativeTarget section */
		7E88359F1C5003C60010C8FE /* whereAmI */ = {
			isa = PBXNativeTarget;
			buildConfigurationList = 7E8835B21C5003C60010C8FE /* Build configuration list for PBXNativeTarget "whereAmI" */;
			buildPhases = (
				7E88359C1C5003C60010C8FE /* Sources */,
				7E88359D1C5003C60010C8FE /* Frameworks */,
				7E88359E1C5003C60010C8FE /* Resources */,
			);
			buildRules = (
			);
			dependencies = (
			);
			name = whereAmI;
			productName = whereAmI;
			productReference = 7E8835A01C5003C60010C8FE /* whereAmI.app */;
			productType = "com.apple.product-type.application";
		};
/* End PBXNativeTarget section */

/* Begin PBXProject section */
		7E8835981C5003C60010C8FE /* Project object */ = {
			isa = PBXProject;
			attributes = {
				LastSwiftUpdateCheck = 0720;
				LastUpgradeCheck = 0720;
				ORGANIZATIONNAME = spacemonkey;
				TargetAttributes = {
					7E88359F1C5003C60010C8FE = {
						CreatedOnToolsVersion = 7.2;
						DevelopmentTeam = 56HWC5ZWKG;
					};
				};
			};
			buildConfigurationList = 7E88359B1C5003C60010C8FE /* Build configuration list for PBXProject "whereAmI" */;
			compatibilityVersion = "Xcode 3.2";
			developmentRegion = English;
			hasScannedForEncodings = 0;
			knownRegions = (
				en,
				Base,
			);
			mainGroup = 7E8835971C5003C60010C8FE;
			productRefGroup = 7E8835A11C5003C60010C8FE /* Products */;
			projectDirPath = "";
			projectRoot = "";
			targets = (
				7E88359F1C5003C60010C8FE /* whereAmI */,
			);
		};
/* End PBXProject section */

/* Begin PBXResourcesBuildPhase section */
		7E88359E1C5003C60010C8FE /* Resources */ = {
			isa = PBXResourcesBuildPhase;
			buildActionMask = 2147483647;
			files = (
				7E8835AE1C5003C60010C8FE /* LaunchScreen.storyboard in Resources */,
				7E8835AB1C5003C60010C8FE /* Assets.xcassets in Resources */,
				7E8835A91C5003C60010C8FE /* Main.storyboard in Resources */,
			);
			runOnlyForDeploymentPostprocessing = 0;
		};
/* End PBXResourcesBuildPhase section */

/* Begin PBXSourcesBuildPhase section */
		7E88359C1C5003C60010C8FE /* Sources */ = {
			isa = PBXSourcesBuildPhase;
			buildActionMask = 2147483647;
			files = (
				7E8835A61C5003C60010C8FE /* ViewController.swift in Sources */,
				7E8835A41C5003C60010C8FE /* AppDelegate.swift in Sources */,
			);
			runOnlyForDeploymentPostprocessing = 0;
		};
/* End PBXSourcesBuildPhase section */

/* Begin PBXVariantGroup section */
		7E8835A71C5003C60010C8FE /* Main.storyboard */ = {
			isa = PBXVariantGroup;
			children = (
				7E8835A81C5003C60010C8FE /* Base */,
			);
			name = Main.storyboard;
			sourceTree = "<group>";
		};
		7E8835AC1C5003C60010C8FE /* LaunchScreen.storyboard */ = {
			isa = PBXVariantGroup;
			children = (
				7E8835AD1C5003C60010C8FE /* Base */,
			);
			name = LaunchScreen.storyboard;
			sourceTree = "<group>";
		};
/* End PBXVariantGroup section */

/* Begin XCBuildConfiguration section */
		7E8835B01C5003C60010C8FE /* Debug */ = {
			isa = XCBuildConfiguration;
			buildSettings = {
				ALWAYS_SEARCH_USER_PATHS = NO;
				CLANG_CXX_LANGUAGE_STANDARD = "gnu++0x";
				CLANG_CXX_LIBRARY = "libc++";
				CLANG_ENABLE_MODULES = YES;
				CLANG_ENABLE_OBJC_ARC = YES;
				CLANG_WARN_BOOL_CONVERSION = YES;
				CLANG_WARN_CONSTANT_CONVERSION = YES;
				CLANG_WARN_DIRECT_OBJC_ISA_USAGE = YES_ERROR;
				CLANG_WARN_EMPTY_BODY = YES;
				CLANG_WARN_ENUM_CONVERSION = YES;
				CLANG_WARN_INT_CONVERSION = YES;
				CLANG_WARN_OBJC_ROOT_CLASS = YES_ERROR;
				CLANG_WARN_UNREACHABLE_CODE = YES;
				CLANG_WARN__DUPLICATE_METHOD_MATCH = YES;
				"CODE_SIGN_IDENTITY[sdk=iphoneos*]" = "iPhone Developer";
				COPY_PHASE_STRIP = NO;
				DEBUG_INFORMATION_FORMAT = dwarf;
				ENABLE_STRICT_OBJC_MSGSEND = YES;
				ENABLE_TESTABILITY = YES;
				GCC_C_LANGUAGE_STANDARD = gnu99;
				GCC_DYNAMIC_NO_PIC = NO;
				GCC_NO_COMMON_BLOCKS = YES;
				GCC_OPTIMIZATION_LEVEL = 0;
				GCC_PREPROCESSOR_DEFINITIONS = (
					"DEBUG=1",
					"$(inherited)",
				);
				GCC_WARN_64_TO_32_BIT_CONVERSION = YES;
				GCC_WARN_ABOUT_RETURN_TYPE = YES_ERROR;
				GCC_WARN_UNDECLARED_SELECTOR = YES;
				GCC_WARN_UNINITIALIZED_AUTOS = YES_AGGRESSIVE;
				GCC_WARN_UNUSED_FUNCTION = YES;
				GCC_WARN_UNUSED_VARIABLE = YES;
				IPHONEOS_DEPLOYMENT_TARGET = 9.2;
				MTL_ENABLE_DEBUG_INFO = YES;
				ONLY_ACTIVE_ARCH = YES;
				SDKROOT = iphoneos;
				SWIFT_OPTIMIZATION_LEVEL = "-Onone";
			};
			name = Debug;
		};
		7E8835B11C5003C60010C8FE /* Release */ = {
			isa = XCBuildConfiguration;
			buildSettings = {
				ALWAYS_SEARCH_USER_PATHS = NO;
				CLANG_CXX_LANGUAGE_STANDARD = "gnu++0x";
				CLANG_CXX_LIBRARY = "libc++";
				CLANG_ENABLE_MODULES = YES;
				CLANG_ENABLE_OBJC_ARC = YES;
				CLANG_WARN_BOOL_CONVERSION = YES;
				CLANG_WARN_CONSTANT_CONVERSION = YES;
				CLANG_WARN_DIRECT_OBJC_ISA_USAGE = YES_ERROR;
				CLANG_WARN_EMPTY_BODY = YES;
				CLANG_WARN_ENUM_CONVERSION = YES;
				CLANG_WARN_INT_CONVERSION = YES;
				CLANG_WARN_OBJC_ROOT_CLASS = YES_ERROR;
				CLANG_WARN_UNREACHABLE_CODE = YES;
				CLANG_WARN__DUPLICATE_METHOD_MATCH = YES;
				"CODE_SIGN_IDENTITY[sdk=iphoneos*]" = "iPhone Developer";
				COPY_PHASE_STRIP = NO;
				DEBUG_INFORMATION_FORMAT = "dwarf-with-dsym";
				ENABLE_NS_ASSERTIONS = NO;
				ENABLE_STRICT_OBJC_MSGSEND = YES;
				GCC_C_LANGUAGE_STANDARD = gnu99;
				GCC_NO_COMMON_BLOCKS = YES;
				GCC_WARN_64_TO_32_BIT_CONVERSION = YES;
				GCC_WARN_ABOUT_RETURN_TYPE = YES_ERROR;
				GCC_WARN_UNDECLARED_SELECTOR = YES;
				GCC_WARN_UNINITIALIZED_AUTOS = YES_AGGRESSIVE;
				GCC_WARN_UNUSED_FUNCTION = YES;
				GCC_WARN_UNUSED_VARIABLE = YES;
				IPHONEOS_DEPLOYMENT_TARGET = 9.2;
				MTL_ENABLE_DEBUG_INFO = NO;
				SDKROOT = iphoneos;
				VALIDATE_PRODUCT = YES;
			};
			name = Release;
		};
		7E8835B31C5003C60010C8FE /* Debug */ = {
			isa = XCBuildConfiguration;
			buildSettings = {
				ASSETCATALOG_COMPILER_APPICON_NAME = AppIcon;
				INFOPLIST_FILE = whereAmI/Info.plist;
				LD_RUNPATH_SEARCH_PATHS = "$(inherited) @executable_path/Frameworks";
				PRODUCT_BUNDLE_IDENTIFIER = com.spacemonkey.whereAmI;
				PRODUCT_NAME = "$(TARGET_NAME)";
			};
			name = Debug;
		};
		7E8835B41C5003C60010C8FE /* Release */ = {
			isa = XCBuildConfiguration;
			buildSettings = {
				ASSETCATALOG_COMPILER_APPICON_NAME = AppIcon;
				INFOPLIST_FILE = whereAmI/Info.plist;
				LD_RUNPATH_SEARCH_PATHS = "$(inherited) @executable_path/Frameworks";
				PRODUCT_BUNDLE_IDENTIFIER = com.spacemonkey.whereAmI;
				PRODUCT_NAME = "$(TARGET_NAME)";
			};
			name = Release;
		};
/* End XCBuildConfiguration section */

/* Begin XCConfigurationList section */
		7E88359B1C5003C60010C8FE /* Build configuration list for PBXProject "whereAmI" */ = {
			isa = XCConfigurationList;
			buildConfigurations = (
				7E8835B01C5003C60010C8FE /* Debug */,
				7E8835B11C5003C60010C8FE /* Release */,
			);
			defaultConfigurationIsVisible = 0;
			defaultConfigurationName = Release;
		};
		7E8835B21C5003C60010C8FE /* Build configuration list for PBXNativeTarget "whereAmI" */ = {
			isa = XCConfigurationList;
			buildConfigurations = (
				7E8835B31C5003C60010C8FE /* Debug */,
				7E8835B41C5003C60010C8FE /* Release */,
			);
			defaultConfigurationIsVisible = 0;
		};
/* End XCConfigurationList section */
	};
	rootObject = 7E8835981C5003C60010C8FE /* Project object */;
}
