// !$*UTF8*$!
{
	archiveVersion = 1;
	classes = {
	};
	objectVersion = 46;
	objects = {

/* Begin PBXBuildFile section */
		7E75D5661C48430700AA0286 /* AppDelegate.swift in Sources */ = {isa = PBXBuildFile; fileRef = 7E75D5651C48430700AA0286 /* AppDelegate.swift */; };
		7E75D5681C48430700AA0286 /* ViewController.swift in Sources */ = {isa = PBXBuildFile; fileRef = 7E75D5671C48430700AA0286 /* ViewController.swift */; };
		7E75D56B1C48430700AA0286 /* Main.storyboard in Resources */ = {isa = PBXBuildFile; fileRef = 7E75D5691C48430700AA0286 /* Main.storyboard */; };
		7E75D56D1C48430700AA0286 /* Assets.xcassets in Resources */ = {isa = PBXBuildFile; fileRef = 7E75D56C1C48430700AA0286 /* Assets.xcassets */; };
		7E75D5701C48430700AA0286 /* LaunchScreen.storyboard in Resources */ = {isa = PBXBuildFile; fileRef = 7E75D56E1C48430700AA0286 /* LaunchScreen.storyboard */; };
/* End PBXBuildFile section */

/* Begin PBXFileReference section */
		7E75D5621C48430700AA0286 /* Segues Example.app */ = {isa = PBXFileReference; explicitFileType = wrapper.application; includeInIndex = 0; path = "Segues Example.app"; sourceTree = BUILT_PRODUCTS_DIR; };
		7E75D5651C48430700AA0286 /* AppDelegate.swift */ = {isa = PBXFileReference; lastKnownFileType = sourcecode.swift; path = AppDelegate.swift; sourceTree = "<group>"; };
		7E75D5671C48430700AA0286 /* ViewController.swift */ = {isa = PBXFileReference; lastKnownFileType = sourcecode.swift; path = ViewController.swift; sourceTree = "<group>"; };
		7E75D56A1C48430700AA0286 /* Base */ = {isa = PBXFileReference; lastKnownFileType = file.storyboard; name = Base; path = Base.lproj/Main.storyboard; sourceTree = "<group>"; };
		7E75D56C1C48430700AA0286 /* Assets.xcassets */ = {isa = PBXFileReference; lastKnownFileType = folder.assetcatalog; path = Assets.xcassets; sourceTree = "<group>"; };
		7E75D56F1C48430700AA0286 /* Base */ = {isa = PBXFileReference; lastKnownFileType = file.storyboard; name = Base; path = Base.lproj/LaunchScreen.storyboard; sourceTree = "<group>"; };
		7E75D5711C48430700AA0286 /* Info.plist */ = {isa = PBXFileReference; lastKnownFileType = text.plist.xml; path = Info.plist; sourceTree = "<group>"; };
/* End PBXFileReference section */

/* Begin PBXFrameworksBuildPhase section */
		7E75D55F1C48430700AA0286 /* Frameworks */ = {
			isa = PBXFrameworksBuildPhase;
			buildActionMask = 2147483647;
			files = (
			);
			runOnlyForDeploymentPostprocessing = 0;
		};
/* End PBXFrameworksBuildPhase section */

/* Begin PBXGroup section */
		7E75D5591C48430700AA0286 = {
			isa = PBXGroup;
			children = (
				7E75D5641C48430700AA0286 /* Segues Example */,
				7E75D5631C48430700AA0286 /* Products */,
			);
			sourceTree = "<group>";
		};
		7E75D5631C48430700AA0286 /* Products */ = {
			isa = PBXGroup;
			children = (
				7E75D5621C48430700AA0286 /* Segues Example.app */,
			);
			name = Products;
			sourceTree = "<group>";
		};
		7E75D5641C48430700AA0286 /* Segues Example */ = {
			isa = PBXGroup;
			children = (
				7E75D5651C48430700AA0286 /* AppDelegate.swift */,
				7E75D5671C48430700AA0286 /* ViewController.swift */,
				7E75D5691C48430700AA0286 /* Main.storyboard */,
				7E75D56C1C48430700AA0286 /* Assets.xcassets */,
				7E75D56E1C48430700AA0286 /* LaunchScreen.storyboard */,
				7E75D5711C48430700AA0286 /* Info.plist */,
			);
			path = "Segues Example";
			sourceTree = "<group>";
		};
/* End PBXGroup section */

/* Begin PBXNativeTarget section */
		7E75D5611C48430700AA0286 /* Segues Example */ = {
			isa = PBXNativeTarget;
			buildConfigurationList = 7E75D5741C48430700AA0286 /* Build configuration list for PBXNativeTarget "Segues Example" */;
			buildPhases = (
				7E75D55E1C48430700AA0286 /* Sources */,
				7E75D55F1C48430700AA0286 /* Frameworks */,
				7E75D5601C48430700AA0286 /* Resources */,
			);
			buildRules = (
			);
			dependencies = (
			);
			name = "Segues Example";
			productName = "Segues Example";
			productReference = 7E75D5621C48430700AA0286 /* Segues Example.app */;
			productType = "com.apple.product-type.application";
		};
/* End PBXNativeTarget section */

/* Begin PBXProject section */
		7E75D55A1C48430700AA0286 /* Project object */ = {
			isa = PBXProject;
			attributes = {
				LastSwiftUpdateCheck = 0720;
				LastUpgradeCheck = 0720;
				ORGANIZATIONNAME = spacemonkey;
				TargetAttributes = {
					7E75D5611C48430700AA0286 = {
						CreatedOnToolsVersion = 7.2;
						DevelopmentTeam = 56HWC5ZWKG;
					};
				};
			};
			buildConfigurationList = 7E75D55D1C48430700AA0286 /* Build configuration list for PBXProject "Segues Example" */;
			compatibilityVersion = "Xcode 3.2";
			developmentRegion = English;
			hasScannedForEncodings = 0;
			knownRegions = (
				en,
				Base,
			);
			mainGroup = 7E75D5591C48430700AA0286;
			productRefGroup = 7E75D5631C48430700AA0286 /* Products */;
			projectDirPath = "";
			projectRoot = "";
			targets = (
				7E75D5611C48430700AA0286 /* Segues Example */,
			);
		};
/* End PBXProject section */

/* Begin PBXResourcesBuildPhase section */
		7E75D5601C48430700AA0286 /* Resources */ = {
			isa = PBXResourcesBuildPhase;
			buildActionMask = 2147483647;
			files = (
				7E75D5701C48430700AA0286 /* LaunchScreen.storyboard in Resources */,
				7E75D56D1C48430700AA0286 /* Assets.xcassets in Resources */,
				7E75D56B1C48430700AA0286 /* Main.storyboard in Resources */,
			);
			runOnlyForDeploymentPostprocessing = 0;
		};
/* End PBXResourcesBuildPhase section */

/* Begin PBXSourcesBuildPhase section */
		7E75D55E1C48430700AA0286 /* Sources */ = {
			isa = PBXSourcesBuildPhase;
			buildActionMask = 2147483647;
			files = (
				7E75D5681C48430700AA0286 /* ViewController.swift in Sources */,
				7E75D5661C48430700AA0286 /* AppDelegate.swift in Sources */,
			);
			runOnlyForDeploymentPostprocessing = 0;
		};
/* End PBXSourcesBuildPhase section */

/* Begin PBXVariantGroup section */
		7E75D5691C48430700AA0286 /* Main.storyboard */ = {
			isa = PBXVariantGroup;
			children = (
				7E75D56A1C48430700AA0286 /* Base */,
			);
			name = Main.storyboard;
			sourceTree = "<group>";
		};
		7E75D56E1C48430700AA0286 /* LaunchScreen.storyboard */ = {
			isa = PBXVariantGroup;
			children = (
				7E75D56F1C48430700AA0286 /* Base */,
			);
			name = LaunchScreen.storyboard;
			sourceTree = "<group>";
		};
/* End PBXVariantGroup section */

/* Begin XCBuildConfiguration section */
		7E75D5721C48430700AA0286 /* Debug */ = {
			isa = XCBuildConfiguration;
			buildSettings = {
				ALWAYS_SEARCH_USER_PATHS = NO;
				CLANG_CXX_LANGUAGE_STANDARD = "gnu++0x";
				CLANG_CXX_LIBRARY = "libc++";
				CLANG_ENABLE_MODULES = YES;
				CLANG_ENABLE_OBJC_ARC = YES;
				CLANG_WARN_BOOL_CONVERSION = YES;
				CLANG_WARN_CONSTANT_CONVERSION = YES;
				CLANG_WARN_DIRECT_OBJC_ISA_USAGE = YES_ERROR;
				CLANG_WARN_EMPTY_BODY = YES;
				CLANG_WARN_ENUM_CONVERSION = YES;
				CLANG_WARN_INT_CONVERSION = YES;
				CLANG_WARN_OBJC_ROOT_CLASS = YES_ERROR;
				CLANG_WARN_UNREACHABLE_CODE = YES;
				CLANG_WARN__DUPLICATE_METHOD_MATCH = YES;
				"CODE_SIGN_IDENTITY[sdk=iphoneos*]" = "iPhone Developer";
				COPY_PHASE_STRIP = NO;
				DEBUG_INFORMATION_FORMAT = dwarf;
				ENABLE_STRICT_OBJC_MSGSEND = YES;
				ENABLE_TESTABILITY = YES;
				GCC_C_LANGUAGE_STANDARD = gnu99;
				GCC_DYNAMIC_NO_PIC = NO;
				GCC_NO_COMMON_BLOCKS = YES;
				GCC_OPTIMIZATION_LEVEL = 0;
				GCC_PREPROCESSOR_DEFINITIONS = (
					"DEBUG=1",
					"$(inherited)",
				);
				GCC_WARN_64_TO_32_BIT_CONVERSION = YES;
				GCC_WARN_ABOUT_RETURN_TYPE = YES_ERROR;
				GCC_WARN_UNDECLARED_SELECTOR = YES;
				GCC_WARN_UNINITIALIZED_AUTOS = YES_AGGRESSIVE;
				GCC_WARN_UNUSED_FUNCTION = YES;
				GCC_WARN_UNUSED_VARIABLE = YES;
				IPHONEOS_DEPLOYMENT_TARGET = 9.2;
				MTL_ENABLE_DEBUG_INFO = YES;
				ONLY_ACTIVE_ARCH = YES;
				SDKROOT = iphoneos;
				SWIFT_OPTIMIZATION_LEVEL = "-Onone";
			};
			name = Debug;
		};
		7E75D5731C48430700AA0286 /* Release */ = {
			isa = XCBuildConfiguration;
			buildSettings = {
				ALWAYS_SEARCH_USER_PATHS = NO;
				CLANG_CXX_LANGUAGE_STANDARD = "gnu++0x";
				CLANG_CXX_LIBRARY = "libc++";
				CLANG_ENABLE_MODULES = YES;
				CLANG_ENABLE_OBJC_ARC = YES;
				CLANG_WARN_BOOL_CONVERSION = YES;
				CLANG_WARN_CONSTANT_CONVERSION = YES;
				CLANG_WARN_DIRECT_OBJC_ISA_USAGE = YES_ERROR;
				CLANG_WARN_EMPTY_BODY = YES;
				CLANG_WARN_ENUM_CONVERSION = YES;
				CLANG_WARN_INT_CONVERSION = YES;
				CLANG_WARN_OBJC_ROOT_CLASS = YES_ERROR;
				CLANG_WARN_UNREACHABLE_CODE = YES;
				CLANG_WARN__DUPLICATE_METHOD_MATCH = YES;
				"CODE_SIGN_IDENTITY[sdk=iphoneos*]" = "iPhone Developer";
				COPY_PHASE_STRIP = NO;
				DEBUG_INFORMATION_FORMAT = "dwarf-with-dsym";
				ENABLE_NS_ASSERTIONS = NO;
				ENABLE_STRICT_OBJC_MSGSEND = YES;
				GCC_C_LANGUAGE_STANDARD = gnu99;
				GCC_NO_COMMON_BLOCKS = YES;
				GCC_WARN_64_TO_32_BIT_CONVERSION = YES;
				GCC_WARN_ABOUT_RETURN_TYPE = YES_ERROR;
				GCC_WARN_UNDECLARED_SELECTOR = YES;
				GCC_WARN_UNINITIALIZED_AUTOS = YES_AGGRESSIVE;
				GCC_WARN_UNUSED_FUNCTION = YES;
				GCC_WARN_UNUSED_VARIABLE = YES;
				IPHONEOS_DEPLOYMENT_TARGET = 9.2;
				MTL_ENABLE_DEBUG_INFO = NO;
				SDKROOT = iphoneos;
				VALIDATE_PRODUCT = YES;
			};
			name = Release;
		};
		7E75D5751C48430700AA0286 /* Debug */ = {
			isa = XCBuildConfiguration;
			buildSettings = {
				ASSETCATALOG_COMPILER_APPICON_NAME = AppIcon;
				INFOPLIST_FILE = "Segues Example/Info.plist";
				LD_RUNPATH_SEARCH_PATHS = "$(inherited) @executable_path/Frameworks";
				PRODUCT_BUNDLE_IDENTIFIER = "com.spacemonkey.Segues-Example";
				PRODUCT_NAME = "$(TARGET_NAME)";
			};
			name = Debug;
		};
		7E75D5761C48430700AA0286 /* Release */ = {
			isa = XCBuildConfiguration;
			buildSettings = {
				ASSETCATALOG_COMPILER_APPICON_NAME = AppIcon;
				INFOPLIST_FILE = "Segues Example/Info.plist";
				LD_RUNPATH_SEARCH_PATHS = "$(inherited) @executable_path/Frameworks";
				PRODUCT_BUNDLE_IDENTIFIER = "com.spacemonkey.Segues-Example";
				PRODUCT_NAME = "$(TARGET_NAME)";
			};
			name = Release;
		};
/* End XCBuildConfiguration section */

/* Begin XCConfigurationList section */
		7E75D55D1C48430700AA0286 /* Build configuration list for PBXProject "Segues Example" */ = {
			isa = XCConfigurationList;
			buildConfigurations = (
				7E75D5721C48430700AA0286 /* Debug */,
				7E75D5731C48430700AA0286 /* Release */,
			);
			defaultConfigurationIsVisible = 0;
			defaultConfigurationName = Release;
		};
		7E75D5741C48430700AA0286 /* Build configuration list for PBXNativeTarget "Segues Example" */ = {
			isa = XCConfigurationList;
			buildConfigurations = (
				7E75D5751C48430700AA0286 /* Debug */,
				7E75D5761C48430700AA0286 /* Release */,
			);
			defaultConfigurationIsVisible = 0;
		};
/* End XCConfigurationList section */
	};
	rootObject = 7E75D55A1C48430700AA0286 /* Project object */;
}
