// !$*UTF8*$!
{
	archiveVersion = 1;
	classes = {
	};
	objectVersion = 46;
	objects = {

/* Begin PBXBuildFile section */
		7E649EE81C5C0A8F00B32EEF /* AppDelegate.swift in Sources */ = {isa = PBXBuildFile; fileRef = 7E649EE71C5C0A8F00B32EEF /* AppDelegate.swift */; };
		7E649EEA1C5C0A8F00B32EEF /* ViewController.swift in Sources */ = {isa = PBXBuildFile; fileRef = 7E649EE91C5C0A8F00B32EEF /* ViewController.swift */; };
		7E649EED1C5C0A8F00B32EEF /* Main.storyboard in Resources */ = {isa = PBXBuildFile; fileRef = 7E649EEB1C5C0A8F00B32EEF /* Main.storyboard */; };
		7E649EEF1C5C0A8F00B32EEF /* Assets.xcassets in Resources */ = {isa = PBXBuildFile; fileRef = 7E649EEE1C5C0A8F00B32EEF /* Assets.xcassets */; };
		7E649EF21C5C0A8F00B32EEF /* LaunchScreen.storyboard in Resources */ = {isa = PBXBuildFile; fileRef = 7E649EF01C5C0A8F00B32EEF /* LaunchScreen.storyboard */; };
		7E649EFA1C5C0AAA00B32EEF /* chopin-28-4-stahlbrand.mp3 in Resources */ = {isa = PBXBuildFile; fileRef = 7E649EF91C5C0AAA00B32EEF /* chopin-28-4-stahlbrand.mp3 */; };
/* End PBXBuildFile section */

/* Begin PBXFileReference section */
		7E649EE41C5C0A8F00B32EEF /* audio example.app */ = {isa = PBXFileReference; explicitFileType = wrapper.application; includeInIndex = 0; path = "audio example.app"; sourceTree = BUILT_PRODUCTS_DIR; };
		7E649EE71C5C0A8F00B32EEF /* AppDelegate.swift */ = {isa = PBXFileReference; lastKnownFileType = sourcecode.swift; path = AppDelegate.swift; sourceTree = "<group>"; };
		7E649EE91C5C0A8F00B32EEF /* ViewController.swift */ = {isa = PBXFileReference; lastKnownFileType = sourcecode.swift; path = ViewController.swift; sourceTree = "<group>"; };
		7E649EEC1C5C0A8F00B32EEF /* Base */ = {isa = PBXFileReference; lastKnownFileType = file.storyboard; name = Base; path = Base.lproj/Main.storyboard; sourceTree = "<group>"; };
		7E649EEE1C5C0A8F00B32EEF /* Assets.xcassets */ = {isa = PBXFileReference; lastKnownFileType = folder.assetcatalog; path = Assets.xcassets; sourceTree = "<group>"; };
		7E649EF11C5C0A8F00B32EEF /* Base */ = {isa = PBXFileReference; lastKnownFileType = file.storyboard; name = Base; path = Base.lproj/LaunchScreen.storyboard; sourceTree = "<group>"; };
		7E649EF31C5C0A8F00B32EEF /* Info.plist */ = {isa = PBXFileReference; lastKnownFileType = text.plist.xml; path = Info.plist; sourceTree = "<group>"; };
		7E649EF91C5C0AAA00B32EEF /* chopin-28-4-stahlbrand.mp3 */ = {isa = PBXFileReference; lastKnownFileType = audio.mp3; path = "chopin-28-4-stahlbrand.mp3"; sourceTree = "<group>"; };
/* End PBXFileReference section */

/* Begin PBXFrameworksBuildPhase section */
		7E649EE11C5C0A8F00B32EEF /* Frameworks */ = {
			isa = PBXFrameworksBuildPhase;
			buildActionMask = 2147483647;
			files = (
			);
			runOnlyForDeploymentPostprocessing = 0;
		};
/* End PBXFrameworksBuildPhase section */

/* Begin PBXGroup section */
		7E649EDB1C5C0A8F00B32EEF = {
			isa = PBXGroup;
			children = (
				7E649EE61C5C0A8F00B32EEF /* audio example */,
				7E649EE51C5C0A8F00B32EEF /* Products */,
			);
			sourceTree = "<group>";
		};
		7E649EE51C5C0A8F00B32EEF /* Products */ = {
			isa = PBXGroup;
			children = (
				7E649EE41C5C0A8F00B32EEF /* audio example.app */,
			);
			name = Products;
			sourceTree = "<group>";
		};
		7E649EE61C5C0A8F00B32EEF /* audio example */ = {
			isa = PBXGroup;
			children = (
				7E649EE71C5C0A8F00B32EEF /* AppDelegate.swift */,
				7E649EF91C5C0AAA00B32EEF /* chopin-28-4-stahlbrand.mp3 */,
				7E649EE91C5C0A8F00B32EEF /* ViewController.swift */,
				7E649EEB1C5C0A8F00B32EEF /* Main.storyboard */,
				7E649EEE1C5C0A8F00B32EEF /* Assets.xcassets */,
				7E649EF01C5C0A8F00B32EEF /* LaunchScreen.storyboard */,
				7E649EF31C5C0A8F00B32EEF /* Info.plist */,
			);
			path = "audio example";
			sourceTree = "<group>";
		};
/* End PBXGroup section */

/* Begin PBXNativeTarget section */
		7E649EE31C5C0A8F00B32EEF /* audio example */ = {
			isa = PBXNativeTarget;
			buildConfigurationList = 7E649EF61C5C0A8F00B32EEF /* Build configuration list for PBXNativeTarget "audio example" */;
			buildPhases = (
				7E649EE01C5C0A8F00B32EEF /* Sources */,
				7E649EE11C5C0A8F00B32EEF /* Frameworks */,
				7E649EE21C5C0A8F00B32EEF /* Resources */,
			);
			buildRules = (
			);
			dependencies = (
			);
			name = "audio example";
			productName = "audio example";
			productReference = 7E649EE41C5C0A8F00B32EEF /* audio example.app */;
			productType = "com.apple.product-type.application";
		};
/* End PBXNativeTarget section */

/* Begin PBXProject section */
		7E649EDC1C5C0A8F00B32EEF /* Project object */ = {
			isa = PBXProject;
			attributes = {
				LastSwiftUpdateCheck = 0720;
				LastUpgradeCheck = 0720;
				ORGANIZATIONNAME = spacemonkey;
				TargetAttributes = {
					7E649EE31C5C0A8F00B32EEF = {
						CreatedOnToolsVersion = 7.2;
						DevelopmentTeam = 56HWC5ZWKG;
					};
				};
			};
			buildConfigurationList = 7E649EDF1C5C0A8F00B32EEF /* Build configuration list for PBXProject "audio example" */;
			compatibilityVersion = "Xcode 3.2";
			developmentRegion = English;
			hasScannedForEncodings = 0;
			knownRegions = (
				en,
				Base,
			);
			mainGroup = 7E649EDB1C5C0A8F00B32EEF;
			productRefGroup = 7E649EE51C5C0A8F00B32EEF /* Products */;
			projectDirPath = "";
			projectRoot = "";
			targets = (
				7E649EE31C5C0A8F00B32EEF /* audio example */,
			);
		};
/* End PBXProject section */

/* Begin PBXResourcesBuildPhase section */
		7E649EE21C5C0A8F00B32EEF /* Resources */ = {
			isa = PBXResourcesBuildPhase;
			buildActionMask = 2147483647;
			files = (
				7E649EF21C5C0A8F00B32EEF /* LaunchScreen.storyboard in Resources */,
				7E649EFA1C5C0AAA00B32EEF /* chopin-28-4-stahlbrand.mp3 in Resources */,
				7E649EEF1C5C0A8F00B32EEF /* Assets.xcassets in Resources */,
				7E649EED1C5C0A8F00B32EEF /* Main.storyboard in Resources */,
			);
			runOnlyForDeploymentPostprocessing = 0;
		};
/* End PBXResourcesBuildPhase section */

/* Begin PBXSourcesBuildPhase section */
		7E649EE01C5C0A8F00B32EEF /* Sources */ = {
			isa = PBXSourcesBuildPhase;
			buildActionMask = 2147483647;
			files = (
				7E649EEA1C5C0A8F00B32EEF /* ViewController.swift in Sources */,
				7E649EE81C5C0A8F00B32EEF /* AppDelegate.swift in Sources */,
			);
			runOnlyForDeploymentPostprocessing = 0;
		};
/* End PBXSourcesBuildPhase section */

/* Begin PBXVariantGroup section */
		7E649EEB1C5C0A8F00B32EEF /* Main.storyboard */ = {
			isa = PBXVariantGroup;
			children = (
				7E649EEC1C5C0A8F00B32EEF /* Base */,
			);
			name = Main.storyboard;
			sourceTree = "<group>";
		};
		7E649EF01C5C0A8F00B32EEF /* LaunchScreen.storyboard */ = {
			isa = PBXVariantGroup;
			children = (
				7E649EF11C5C0A8F00B32EEF /* Base */,
			);
			name = LaunchScreen.storyboard;
			sourceTree = "<group>";
		};
/* End PBXVariantGroup section */

/* Begin XCBuildConfiguration section */
		7E649EF41C5C0A8F00B32EEF /* Debug */ = {
			isa = XCBuildConfiguration;
			buildSettings = {
				ALWAYS_SEARCH_USER_PATHS = NO;
				CLANG_CXX_LANGUAGE_STANDARD = "gnu++0x";
				CLANG_CXX_LIBRARY = "libc++";
				CLANG_ENABLE_MODULES = YES;
				CLANG_ENABLE_OBJC_ARC = YES;
				CLANG_WARN_BOOL_CONVERSION = YES;
				CLANG_WARN_CONSTANT_CONVERSION = YES;
				CLANG_WARN_DIRECT_OBJC_ISA_USAGE = YES_ERROR;
				CLANG_WARN_EMPTY_BODY = YES;
				CLANG_WARN_ENUM_CONVERSION = YES;
				CLANG_WARN_INT_CONVERSION = YES;
				CLANG_WARN_OBJC_ROOT_CLASS = YES_ERROR;
				CLANG_WARN_UNREACHABLE_CODE = YES;
				CLANG_WARN__DUPLICATE_METHOD_MATCH = YES;
				"CODE_SIGN_IDENTITY[sdk=iphoneos*]" = "iPhone Developer";
				COPY_PHASE_STRIP = NO;
				DEBUG_INFORMATION_FORMAT = dwarf;
				ENABLE_STRICT_OBJC_MSGSEND = YES;
				ENABLE_TESTABILITY = YES;
				GCC_C_LANGUAGE_STANDARD = gnu99;
				GCC_DYNAMIC_NO_PIC = NO;
				GCC_NO_COMMON_BLOCKS = YES;
				GCC_OPTIMIZATION_LEVEL = 0;
				GCC_PREPROCESSOR_DEFINITIONS = (
					"DEBUG=1",
					"$(inherited)",
				);
				GCC_WARN_64_TO_32_BIT_CONVERSION = YES;
				GCC_WARN_ABOUT_RETURN_TYPE = YES_ERROR;
				GCC_WARN_UNDECLARED_SELECTOR = YES;
				GCC_WARN_UNINITIALIZED_AUTOS = YES_AGGRESSIVE;
				GCC_WARN_UNUSED_FUNCTION = YES;
				GCC_WARN_UNUSED_VARIABLE = YES;
				IPHONEOS_DEPLOYMENT_TARGET = 9.2;
				MTL_ENABLE_DEBUG_INFO = YES;
				ONLY_ACTIVE_ARCH = YES;
				SDKROOT = iphoneos;
				SWIFT_OPTIMIZATION_LEVEL = "-Onone";
			};
			name = Debug;
		};
		7E649EF51C5C0A8F00B32EEF /* Release */ = {
			isa = XCBuildConfiguration;
			buildSettings = {
				ALWAYS_SEARCH_USER_PATHS = NO;
				CLANG_CXX_LANGUAGE_STANDARD = "gnu++0x";
				CLANG_CXX_LIBRARY = "libc++";
				CLANG_ENABLE_MODULES = YES;
				CLANG_ENABLE_OBJC_ARC = YES;
				CLANG_WARN_BOOL_CONVERSION = YES;
				CLANG_WARN_CONSTANT_CONVERSION = YES;
				CLANG_WARN_DIRECT_OBJC_ISA_USAGE = YES_ERROR;
				CLANG_WARN_EMPTY_BODY = YES;
				CLANG_WARN_ENUM_CONVERSION = YES;
				CLANG_WARN_INT_CONVERSION = YES;
				CLANG_WARN_OBJC_ROOT_CLASS = YES_ERROR;
				CLANG_WARN_UNREACHABLE_CODE = YES;
				CLANG_WARN__DUPLICATE_METHOD_MATCH = YES;
				"CODE_SIGN_IDENTITY[sdk=iphoneos*]" = "iPhone Developer";
				COPY_PHASE_STRIP = NO;
				DEBUG_INFORMATION_FORMAT = "dwarf-with-dsym";
				ENABLE_NS_ASSERTIONS = NO;
				ENABLE_STRICT_OBJC_MSGSEND = YES;
				GCC_C_LANGUAGE_STANDARD = gnu99;
				GCC_NO_COMMON_BLOCKS = YES;
				GCC_WARN_64_TO_32_BIT_CONVERSION = YES;
				GCC_WARN_ABOUT_RETURN_TYPE = YES_ERROR;
				GCC_WARN_UNDECLARED_SELECTOR = YES;
				GCC_WARN_UNINITIALIZED_AUTOS = YES_AGGRESSIVE;
				GCC_WARN_UNUSED_FUNCTION = YES;
				GCC_WARN_UNUSED_VARIABLE = YES;
				IPHONEOS_DEPLOYMENT_TARGET = 9.2;
				MTL_ENABLE_DEBUG_INFO = NO;
				SDKROOT = iphoneos;
				VALIDATE_PRODUCT = YES;
			};
			name = Release;
		};
		7E649EF71C5C0A8F00B32EEF /* Debug */ = {
			isa = XCBuildConfiguration;
			buildSettings = {
				ASSETCATALOG_COMPILER_APPICON_NAME = AppIcon;
				INFOPLIST_FILE = "audio example/Info.plist";
				LD_RUNPATH_SEARCH_PATHS = "$(inherited) @executable_path/Frameworks";
				PRODUCT_BUNDLE_IDENTIFIER = "com.spacemonkey.audio-example";
				PRODUCT_NAME = "$(TARGET_NAME)";
			};
			name = Debug;
		};
		7E649EF81C5C0A8F00B32EEF /* Release */ = {
			isa = XCBuildConfiguration;
			buildSettings = {
				ASSETCATALOG_COMPILER_APPICON_NAME = AppIcon;
				INFOPLIST_FILE = "audio example/Info.plist";
				LD_RUNPATH_SEARCH_PATHS = "$(inherited) @executable_path/Frameworks";
				PRODUCT_BUNDLE_IDENTIFIER = "com.spacemonkey.audio-example";
				PRODUCT_NAME = "$(TARGET_NAME)";
			};
			name = Release;
		};
/* End XCBuildConfiguration section */

/* Begin XCConfigurationList section */
		7E649EDF1C5C0A8F00B32EEF /* Build configuration list for PBXProject "audio example" */ = {
			isa = XCConfigurationList;
			buildConfigurations = (
				7E649EF41C5C0A8F00B32EEF /* Debug */,
				7E649EF51C5C0A8F00B32EEF /* Release */,
			);
			defaultConfigurationIsVisible = 0;
			defaultConfigurationName = Release;
		};
		7E649EF61C5C0A8F00B32EEF /* Build configuration list for PBXNativeTarget "audio example" */ = {
			isa = XCConfigurationList;
			buildConfigurations = (
				7E649EF71C5C0A8F00B32EEF /* Debug */,
				7E649EF81C5C0A8F00B32EEF /* Release */,
			);
			defaultConfigurationIsVisible = 0;
		};
/* End XCConfigurationList section */
	};
	rootObject = 7E649EDC1C5C0A8F00B32EEF /* Project object */;
}
